// !$*UTF8*$!
{
	archiveVersion = 1;
	classes = {
	};
	objectVersion = 55;
	objects = {

/* Begin PBXBuildFile section */
		296EE2B62799FE480005F20B /* FeedDetailedViewController.swift in Sources */ = {isa = PBXBuildFile; fileRef = 296EE2B52799FE480005F20B /* FeedDetailedViewController.swift */; };
		296EE2B82799FE7D0005F20B /* FeedModelView.swift in Sources */ = {isa = PBXBuildFile; fileRef = 296EE2B72799FE7D0005F20B /* FeedModelView.swift */; };
		296EE2BA279A04630005F20B /* FeedOldDetailedViewController.swift in Sources */ = {isa = PBXBuildFile; fileRef = 296EE2B9279A04630005F20B /* FeedOldDetailedViewController.swift */; };
		296EE2BC279A10F00005F20B /* FeedComposer.swift in Sources */ = {isa = PBXBuildFile; fileRef = 296EE2BB279A10F00005F20B /* FeedComposer.swift */; };
		296EE2BE279A12520005F20B /* FeedNavigation.swift in Sources */ = {isa = PBXBuildFile; fileRef = 296EE2BD279A12520005F20B /* FeedNavigation.swift */; };
		296EE2C0279A1C5E0005F20B /* Logging.swift in Sources */ = {isa = PBXBuildFile; fileRef = 296EE2BF279A1C5E0005F20B /* Logging.swift */; };
		296EE2C2279A23900005F20B /* NagivationComposer.swift in Sources */ = {isa = PBXBuildFile; fileRef = 296EE2C1279A23900005F20B /* NagivationComposer.swift */; };
		296EE2C5279A32F10005F20B /* FeedApi.swift in Sources */ = {isa = PBXBuildFile; fileRef = 296EE2C4279A32F10005F20B /* FeedApi.swift */; };
		29C63E2A2798DBD20065F1BA /* AppDelegate.swift in Sources */ = {isa = PBXBuildFile; fileRef = 29C63E292798DBD20065F1BA /* AppDelegate.swift */; };
		29C63E2C2798DBD20065F1BA /* SceneDelegate.swift in Sources */ = {isa = PBXBuildFile; fileRef = 29C63E2B2798DBD20065F1BA /* SceneDelegate.swift */; };
		29C63E2E2798DBD20065F1BA /* FeedViewController.swift in Sources */ = {isa = PBXBuildFile; fileRef = 29C63E2D2798DBD20065F1BA /* FeedViewController.swift */; };
		29C63E312798DBD20065F1BA /* Main.storyboard in Resources */ = {isa = PBXBuildFile; fileRef = 29C63E2F2798DBD20065F1BA /* Main.storyboard */; };
		29C63E332798DBD40065F1BA /* Assets.xcassets in Resources */ = {isa = PBXBuildFile; fileRef = 29C63E322798DBD40065F1BA /* Assets.xcassets */; };
		29C63E362798DBD40065F1BA /* LaunchScreen.storyboard in Resources */ = {isa = PBXBuildFile; fileRef = 29C63E342798DBD40065F1BA /* LaunchScreen.storyboard */; };
/* End PBXBuildFile section */

/* Begin PBXFileReference section */
		296EE2B52799FE480005F20B /* FeedDetailedViewController.swift */ = {isa = PBXFileReference; lastKnownFileType = sourcecode.swift; path = FeedDetailedViewController.swift; sourceTree = "<group>"; };
		296EE2B72799FE7D0005F20B /* FeedModelView.swift */ = {isa = PBXFileReference; lastKnownFileType = sourcecode.swift; path = FeedModelView.swift; sourceTree = "<group>"; };
		296EE2B9279A04630005F20B /* FeedOldDetailedViewController.swift */ = {isa = PBXFileReference; lastKnownFileType = sourcecode.swift; path = FeedOldDetailedViewController.swift; sourceTree = "<group>"; };
		296EE2BB279A10F00005F20B /* FeedComposer.swift */ = {isa = PBXFileReference; lastKnownFileType = sourcecode.swift; path = FeedComposer.swift; sourceTree = "<group>"; };
		296EE2BD279A12520005F20B /* FeedNavigation.swift */ = {isa = PBXFileReference; lastKnownFileType = sourcecode.swift; path = FeedNavigation.swift; sourceTree = "<group>"; };
		296EE2BF279A1C5E0005F20B /* Logging.swift */ = {isa = PBXFileReference; lastKnownFileType = sourcecode.swift; path = Logging.swift; sourceTree = "<group>"; };
		296EE2C1279A23900005F20B /* NagivationComposer.swift */ = {isa = PBXFileReference; lastKnownFileType = sourcecode.swift; path = NagivationComposer.swift; sourceTree = "<group>"; };
		296EE2C4279A32F10005F20B /* FeedApi.swift */ = {isa = PBXFileReference; lastKnownFileType = sourcecode.swift; path = FeedApi.swift; sourceTree = "<group>"; };
		29C63E262798DBD20065F1BA /* FeedMedium.app */ = {isa = PBXFileReference; explicitFileType = wrapper.application; includeInIndex = 0; path = FeedMedium.app; sourceTree = BUILT_PRODUCTS_DIR; };
		29C63E292798DBD20065F1BA /* AppDelegate.swift */ = {isa = PBXFileReference; lastKnownFileType = sourcecode.swift; path = AppDelegate.swift; sourceTree = "<group>"; };
		29C63E2B2798DBD20065F1BA /* SceneDelegate.swift */ = {isa = PBXFileReference; lastKnownFileType = sourcecode.swift; path = SceneDelegate.swift; sourceTree = "<group>"; };
		29C63E2D2798DBD20065F1BA /* FeedViewController.swift */ = {isa = PBXFileReference; lastKnownFileType = sourcecode.swift; path = FeedViewController.swift; sourceTree = "<group>"; };
		29C63E302798DBD20065F1BA /* Base */ = {isa = PBXFileReference; lastKnownFileType = file.storyboard; name = Base; path = Base.lproj/Main.storyboard; sourceTree = "<group>"; };
		29C63E322798DBD40065F1BA /* Assets.xcassets */ = {isa = PBXFileReference; lastKnownFileType = folder.assetcatalog; path = Assets.xcassets; sourceTree = "<group>"; };
		29C63E352798DBD40065F1BA /* Base */ = {isa = PBXFileReference; lastKnownFileType = file.storyboard; name = Base; path = Base.lproj/LaunchScreen.storyboard; sourceTree = "<group>"; };
		29C63E372798DBD40065F1BA /* Info.plist */ = {isa = PBXFileReference; lastKnownFileType = text.plist.xml; path = Info.plist; sourceTree = "<group>"; };
/* End PBXFileReference section */

/* Begin PBXFrameworksBuildPhase section */
		29C63E232798DBD20065F1BA /* Frameworks */ = {
			isa = PBXFrameworksBuildPhase;
			buildActionMask = 2147483647;
			files = (
			);
			runOnlyForDeploymentPostprocessing = 0;
		};
/* End PBXFrameworksBuildPhase section */

/* Begin PBXGroup section */
		296EE2C3279A32DF0005F20B /* Netowrk */ = {
			isa = PBXGroup;
			children = (
				296EE2C4279A32F10005F20B /* FeedApi.swift */,
			);
			path = Netowrk;
			sourceTree = "<group>";
		};
		29C63E1D2798DBD20065F1BA = {
			isa = PBXGroup;
			children = (
				29C63E282798DBD20065F1BA /* FeedMedium */,
				29C63E272798DBD20065F1BA /* Products */,
			);
			sourceTree = "<group>";
		};
		29C63E272798DBD20065F1BA /* Products */ = {
			isa = PBXGroup;
			children = (
				29C63E262798DBD20065F1BA /* FeedMedium.app */,
			);
			name = Products;
			sourceTree = "<group>";
		};
		29C63E282798DBD20065F1BA /* FeedMedium */ = {
			isa = PBXGroup;
			children = (
				296EE2C3279A32DF0005F20B /* Netowrk */,
				296EE2BD279A12520005F20B /* FeedNavigation.swift */,
				29C63E292798DBD20065F1BA /* AppDelegate.swift */,
				29C63E2B2798DBD20065F1BA /* SceneDelegate.swift */,
				29C63E2D2798DBD20065F1BA /* FeedViewController.swift */,
				29C63E2F2798DBD20065F1BA /* Main.storyboard */,
				29C63E322798DBD40065F1BA /* Assets.xcassets */,
				29C63E342798DBD40065F1BA /* LaunchScreen.storyboard */,
				29C63E372798DBD40065F1BA /* Info.plist */,
				296EE2B52799FE480005F20B /* FeedDetailedViewController.swift */,
				296EE2B72799FE7D0005F20B /* FeedModelView.swift */,
				296EE2B9279A04630005F20B /* FeedOldDetailedViewController.swift */,
				296EE2BB279A10F00005F20B /* FeedComposer.swift */,
				296EE2BF279A1C5E0005F20B /* Logging.swift */,
				296EE2C1279A23900005F20B /* NagivationComposer.swift */,
			);
			path = FeedMedium;
			sourceTree = "<group>";
		};
/* End PBXGroup section */

/* Begin PBXNativeTarget section */
		29C63E252798DBD20065F1BA /* FeedMedium */ = {
			isa = PBXNativeTarget;
			buildConfigurationList = 29C63E3A2798DBD40065F1BA /* Build configuration list for PBXNativeTarget "FeedMedium" */;
			buildPhases = (
				29C63E222798DBD20065F1BA /* Sources */,
				29C63E232798DBD20065F1BA /* Frameworks */,
				29C63E242798DBD20065F1BA /* Resources */,
			);
			buildRules = (
			);
			dependencies = (
			);
			name = FeedMedium;
			productName = FeedMedium;
			productReference = 29C63E262798DBD20065F1BA /* FeedMedium.app */;
			productType = "com.apple.product-type.application";
		};
/* End PBXNativeTarget section */

/* Begin PBXProject section */
		29C63E1E2798DBD20065F1BA /* Project object */ = {
			isa = PBXProject;
			attributes = {
				BuildIndependentTargetsInParallel = 1;
				LastSwiftUpdateCheck = 1320;
				LastUpgradeCheck = 1320;
				TargetAttributes = {
					29C63E252798DBD20065F1BA = {
						CreatedOnToolsVersion = 13.2.1;
					};
				};
			};
			buildConfigurationList = 29C63E212798DBD20065F1BA /* Build configuration list for PBXProject "FeedMedium" */;
			compatibilityVersion = "Xcode 13.0";
			developmentRegion = en;
			hasScannedForEncodings = 0;
			knownRegions = (
				en,
				Base,
			);
			mainGroup = 29C63E1D2798DBD20065F1BA;
			productRefGroup = 29C63E272798DBD20065F1BA /* Products */;
			projectDirPath = "";
			projectRoot = "";
			targets = (
				29C63E252798DBD20065F1BA /* FeedMedium */,
			);
		};
/* End PBXProject section */

/* Begin PBXResourcesBuildPhase section */
		29C63E242798DBD20065F1BA /* Resources */ = {
			isa = PBXResourcesBuildPhase;
			buildActionMask = 2147483647;
			files = (
				29C63E362798DBD40065F1BA /* LaunchScreen.storyboard in Resources */,
				29C63E332798DBD40065F1BA /* Assets.xcassets in Resources */,
				29C63E312798DBD20065F1BA /* Main.storyboard in Resources */,
			);
			runOnlyForDeploymentPostprocessing = 0;
		};
/* End PBXResourcesBuildPhase section */

/* Begin PBXSourcesBuildPhase section */
		29C63E222798DBD20065F1BA /* Sources */ = {
			isa = PBXSourcesBuildPhase;
			buildActionMask = 2147483647;
			files = (
				296EE2B62799FE480005F20B /* FeedDetailedViewController.swift in Sources */,
				296EE2BC279A10F00005F20B /* FeedComposer.swift in Sources */,
				29C63E2E2798DBD20065F1BA /* FeedViewController.swift in Sources */,
				296EE2C5279A32F10005F20B /* FeedApi.swift in Sources */,
				296EE2C2279A23900005F20B /* NagivationComposer.swift in Sources */,
				296EE2BE279A12520005F20B /* FeedNavigation.swift in Sources */,
				296EE2BA279A04630005F20B /* FeedOldDetailedViewController.swift in Sources */,
				29C63E2A2798DBD20065F1BA /* AppDelegate.swift in Sources */,
				296EE2B82799FE7D0005F20B /* FeedModelView.swift in Sources */,
				296EE2C0279A1C5E0005F20B /* Logging.swift in Sources */,
				29C63E2C2798DBD20065F1BA /* SceneDelegate.swift in Sources */,
			);
			runOnlyForDeploymentPostprocessing = 0;
		};
/* End PBXSourcesBuildPhase section */

/* Begin PBXVariantGroup section */
		29C63E2F2798DBD20065F1BA /* Main.storyboard */ = {
			isa = PBXVariantGroup;
			children = (
				29C63E302798DBD20065F1BA /* Base */,
			);
			name = Main.storyboard;
			sourceTree = "<group>";
		};
		29C63E342798DBD40065F1BA /* LaunchScreen.storyboard */ = {
			isa = PBXVariantGroup;
			children = (
				29C63E352798DBD40065F1BA /* Base */,
			);
			name = LaunchScreen.storyboard;
			sourceTree = "<group>";
		};
/* End PBXVariantGroup section */

/* Begin XCBuildConfiguration section */
		29C63E382798DBD40065F1BA /* Debug */ = {
			isa = XCBuildConfiguration;
			buildSettings = {
				ALWAYS_SEARCH_USER_PATHS = NO;
				CLANG_ANALYZER_NONNULL = YES;
				CLANG_ANALYZER_NUMBER_OBJECT_CONVERSION = YES_AGGRESSIVE;
				CLANG_CXX_LANGUAGE_STANDARD = "gnu++17";
				CLANG_CXX_LIBRARY = "libc++";
				CLANG_ENABLE_MODULES = YES;
				CLANG_ENABLE_OBJC_ARC = YES;
				CLANG_ENABLE_OBJC_WEAK = YES;
				CLANG_WARN_BLOCK_CAPTURE_AUTORELEASING = YES;
				CLANG_WARN_BOOL_CONVERSION = YES;
				CLANG_WARN_COMMA = YES;
				CLANG_WARN_CONSTANT_CONVERSION = YES;
				CLANG_WARN_DEPRECATED_OBJC_IMPLEMENTATIONS = YES;
				CLANG_WARN_DIRECT_OBJC_ISA_USAGE = YES_ERROR;
				CLANG_WARN_DOCUMENTATION_COMMENTS = YES;
				CLANG_WARN_EMPTY_BODY = YES;
				CLANG_WARN_ENUM_CONVERSION = YES;
				CLANG_WARN_INFINITE_RECURSION = YES;
				CLANG_WARN_INT_CONVERSION = YES;
				CLANG_WARN_NON_LITERAL_NULL_CONVERSION = YES;
				CLANG_WARN_OBJC_IMPLICIT_RETAIN_SELF = YES;
				CLANG_WARN_OBJC_LITERAL_CONVERSION = YES;
				CLANG_WARN_OBJC_ROOT_CLASS = YES_ERROR;
				CLANG_WARN_QUOTED_INCLUDE_IN_FRAMEWORK_HEADER = YES;
				CLANG_WARN_RANGE_LOOP_ANALYSIS = YES;
				CLANG_WARN_STRICT_PROTOTYPES = YES;
				CLANG_WARN_SUSPICIOUS_MOVE = YES;
				CLANG_WARN_UNGUARDED_AVAILABILITY = YES_AGGRESSIVE;
				CLANG_WARN_UNREACHABLE_CODE = YES;
				CLANG_WARN__DUPLICATE_METHOD_MATCH = YES;
				COPY_PHASE_STRIP = NO;
				DEBUG_INFORMATION_FORMAT = dwarf;
				ENABLE_STRICT_OBJC_MSGSEND = YES;
				ENABLE_TESTABILITY = YES;
				GCC_C_LANGUAGE_STANDARD = gnu11;
				GCC_DYNAMIC_NO_PIC = NO;
				GCC_NO_COMMON_BLOCKS = YES;
				GCC_OPTIMIZATION_LEVEL = 0;
				GCC_PREPROCESSOR_DEFINITIONS = (
					"DEBUG=1",
					"$(inherited)",
				);
				GCC_WARN_64_TO_32_BIT_CONVERSION = YES;
				GCC_WARN_ABOUT_RETURN_TYPE = YES_ERROR;
				GCC_WARN_UNDECLARED_SELECTOR = YES;
				GCC_WARN_UNINITIALIZED_AUTOS = YES_AGGRESSIVE;
				GCC_WARN_UNUSED_FUNCTION = YES;
				GCC_WARN_UNUSED_VARIABLE = YES;
				IPHONEOS_DEPLOYMENT_TARGET = 15.2;
				MTL_ENABLE_DEBUG_INFO = INCLUDE_SOURCE;
				MTL_FAST_MATH = YES;
				ONLY_ACTIVE_ARCH = YES;
				SDKROOT = iphoneos;
				SWIFT_ACTIVE_COMPILATION_CONDITIONS = DEBUG;
				SWIFT_OPTIMIZATION_LEVEL = "-Onone";
			};
			name = Debug;
		};
		29C63E392798DBD40065F1BA /* Release */ = {
			isa = XCBuildConfiguration;
			buildSettings = {
				ALWAYS_SEARCH_USER_PATHS = NO;
				CLANG_ANALYZER_NONNULL = YES;
				CLANG_ANALYZER_NUMBER_OBJECT_CONVERSION = YES_AGGRESSIVE;
				CLANG_CXX_LANGUAGE_STANDARD = "gnu++17";
				CLANG_CXX_LIBRARY = "libc++";
				CLANG_ENABLE_MODULES = YES;
				CLANG_ENABLE_OBJC_ARC = YES;
				CLANG_ENABLE_OBJC_WEAK = YES;
				CLANG_WARN_BLOCK_CAPTURE_AUTORELEASING = YES;
				CLANG_WARN_BOOL_CONVERSION = YES;
				CLANG_WARN_COMMA = YES;
				CLANG_WARN_CONSTANT_CONVERSION = YES;
				CLANG_WARN_DEPRECATED_OBJC_IMPLEMENTATIONS = YES;
				CLANG_WARN_DIRECT_OBJC_ISA_USAGE = YES_ERROR;
				CLANG_WARN_DOCUMENTATION_COMMENTS = YES;
				CLANG_WARN_EMPTY_BODY = YES;
				CLANG_WARN_ENUM_CONVERSION = YES;
				CLANG_WARN_INFINITE_RECURSION = YES;
				CLANG_WARN_INT_CONVERSION = YES;
				CLANG_WARN_NON_LITERAL_NULL_CONVERSION = YES;
				CLANG_WARN_OBJC_IMPLICIT_RETAIN_SELF = YES;
				CLANG_WARN_OBJC_LITERAL_CONVERSION = YES;
				CLANG_WARN_OBJC_ROOT_CLASS = YES_ERROR;
				CLANG_WARN_QUOTED_INCLUDE_IN_FRAMEWORK_HEADER = YES;
				CLANG_WARN_RANGE_LOOP_ANALYSIS = YES;
				CLANG_WARN_STRICT_PROTOTYPES = YES;
				CLANG_WARN_SUSPICIOUS_MOVE = YES;
				CLANG_WARN_UNGUARDED_AVAILABILITY = YES_AGGRESSIVE;
				CLANG_WARN_UNREACHABLE_CODE = YES;
				CLANG_WARN__DUPLICATE_METHOD_MATCH = YES;
				COPY_PHASE_STRIP = NO;
				DEBUG_INFORMATION_FORMAT = "dwarf-with-dsym";
				ENABLE_NS_ASSERTIONS = NO;
				ENABLE_STRICT_OBJC_MSGSEND = YES;
				GCC_C_LANGUAGE_STANDARD = gnu11;
				GCC_NO_COMMON_BLOCKS = YES;
				GCC_WARN_64_TO_32_BIT_CONVERSION = YES;
				GCC_WARN_ABOUT_RETURN_TYPE = YES_ERROR;
				GCC_WARN_UNDECLARED_SELECTOR = YES;
				GCC_WARN_UNINITIALIZED_AUTOS = YES_AGGRESSIVE;
				GCC_WARN_UNUSED_FUNCTION = YES;
				GCC_WARN_UNUSED_VARIABLE = YES;
				IPHONEOS_DEPLOYMENT_TARGET = 15.2;
				MTL_ENABLE_DEBUG_INFO = NO;
				MTL_FAST_MATH = YES;
				SDKROOT = iphoneos;
				SWIFT_COMPILATION_MODE = wholemodule;
				SWIFT_OPTIMIZATION_LEVEL = "-O";
				VALIDATE_PRODUCT = YES;
			};
			name = Release;
		};
		29C63E3B2798DBD40065F1BA /* Debug */ = {
			isa = XCBuildConfiguration;
			buildSettings = {
				ASSETCATALOG_COMPILER_APPICON_NAME = AppIcon;
				ASSETCATALOG_COMPILER_GLOBAL_ACCENT_COLOR_NAME = AccentColor;
				CODE_SIGN_STYLE = Automatic;
				CURRENT_PROJECT_VERSION = 1;
				DEVELOPMENT_TEAM = VASSKNJ7GB;
				GENERATE_INFOPLIST_FILE = YES;
				INFOPLIST_FILE = FeedMedium/Info.plist;
				INFOPLIST_KEY_UIApplicationSupportsIndirectInputEvents = YES;
				INFOPLIST_KEY_UILaunchStoryboardName = LaunchScreen;
				INFOPLIST_KEY_UIMainStoryboardFile = Main;
				INFOPLIST_KEY_UISupportedInterfaceOrientations_iPad = "UIInterfaceOrientationPortrait UIInterfaceOrientationPortraitUpsideDown UIInterfaceOrientationLandscapeLeft UIInterfaceOrientationLandscapeRight";
				INFOPLIST_KEY_UISupportedInterfaceOrientations_iPhone = "UIInterfaceOrientationPortrait UIInterfaceOrientationLandscapeLeft UIInterfaceOrientationLandscapeRight";
				LD_RUNPATH_SEARCH_PATHS = (
					"$(inherited)",
					"@executable_path/Frameworks",
				);
				MARKETING_VERSION = 1.0;
				PRODUCT_BUNDLE_IDENTIFIER = com.bigbrains.FeedMedium;
				PRODUCT_NAME = "$(TARGET_NAME)";
				SWIFT_EMIT_LOC_STRINGS = YES;
				SWIFT_VERSION = 5.0;
				TARGETED_DEVICE_FAMILY = "1,2";
			};
			name = Debug;
		};
		29C63E3C2798DBD40065F1BA /* Release */ = {
			isa = XCBuildConfiguration;
			buildSettings = {
				ASSETCATALOG_COMPILER_APPICON_NAME = AppIcon;
				ASSETCATALOG_COMPILER_GLOBAL_ACCENT_COLOR_NAME = AccentColor;
				CODE_SIGN_STYLE = Automatic;
				CURRENT_PROJECT_VERSION = 1;
				DEVELOPMENT_TEAM = VASSKNJ7GB;
				GENERATE_INFOPLIST_FILE = YES;
				INFOPLIST_FILE = FeedMedium/Info.plist;
				INFOPLIST_KEY_UIApplicationSupportsIndirectInputEvents = YES;
				INFOPLIST_KEY_UILaunchStoryboardName = LaunchScreen;
				INFOPLIST_KEY_UIMainStoryboardFile = Main;
				INFOPLIST_KEY_UISupportedInterfaceOrientations_iPad = "UIInterfaceOrientationPortrait UIInterfaceOrientationPortraitUpsideDown UIInterfaceOrientationLandscapeLeft UIInterfaceOrientationLandscapeRight";
				INFOPLIST_KEY_UISupportedInterfaceOrientations_iPhone = "UIInterfaceOrientationPortrait UIInterfaceOrientationLandscapeLeft UIInterfaceOrientationLandscapeRight";
				LD_RUNPATH_SEARCH_PATHS = (
					"$(inherited)",
					"@executable_path/Frameworks",
				);
				MARKETING_VERSION = 1.0;
				PRODUCT_BUNDLE_IDENTIFIER = com.bigbrains.FeedMedium;
				PRODUCT_NAME = "$(TARGET_NAME)";
				SWIFT_EMIT_LOC_STRINGS = YES;
				SWIFT_VERSION = 5.0;
				TARGETED_DEVICE_FAMILY = "1,2";
			};
			name = Release;
		};
/* End XCBuildConfiguration section */

/* Begin XCConfigurationList section */
		29C63E212798DBD20065F1BA /* Build configuration list for PBXProject "FeedMedium" */ = {
			isa = XCConfigurationList;
			buildConfigurations = (
				29C63E382798DBD40065F1BA /* Debug */,
				29C63E392798DBD40065F1BA /* Release */,
			);
			defaultConfigurationIsVisible = 0;
			defaultConfigurationName = Release;
		};
		29C63E3A2798DBD40065F1BA /* Build configuration list for PBXNativeTarget "FeedMedium" */ = {
			isa = XCConfigurationList;
			buildConfigurations = (
				29C63E3B2798DBD40065F1BA /* Debug */,
				29C63E3C2798DBD40065F1BA /* Release */,
			);
			defaultConfigurationIsVisible = 0;
			defaultConfigurationName = Release;
		};
/* End XCConfigurationList section */
	};
	rootObject = 29C63E1E2798DBD20065F1BA /* Project object */;
}
